
Microsoft Visual Studio Solution File, Format Version 12.00
# Visual Studio Version 16
VisualStudioVersion = 16.0.32413.511
MinimumVisualStudioVersion = 10.0.40219.1
Project("{FAE04EC0-301F-11D3-BF4B-00C04F79EFBC}") = "VibCalculator", "VibCalculator\VibCalculator.csproj", "{C5704ADB-1627-48FA-ABEE-6B510D952828}"
EndProject
Project("{FAE04EC0-301F-11D3-BF4B-00C04F79EFBC}") = "VibroMath", "VibroMath\VibroMath.csproj", "{708688B7-719A-429E-B1EA-70DD1B0BD101}"
EndProject
Global
	GlobalSection(SolutionConfigurationPlatforms) = preSolution
		Debug|Any CPU = Debug|Any CPU
		Release|Any CPU = Release|Any CPU
	EndGlobalSection
	GlobalSection(ProjectConfigurationPlatforms) = postSolution
		{C5704ADB-1627-48FA-ABEE-6B510D952828}.Debug|Any CPU.ActiveCfg = Debug|Any CPU
		{C5704ADB-1627-48FA-ABEE-6B510D952828}.Debug|Any CPU.Build.0 = Debug|Any CPU
		{C5704ADB-1627-48FA-ABEE-6B510D952828}.Release|Any CPU.ActiveCfg = Release|Any CPU
		{C5704ADB-1627-48FA-ABEE-6B510D952828}.Release|Any CPU.Build.0 = Release|Any CPU
		{708688B7-719A-429E-B1EA-70DD1B0BD101}.Debug|Any CPU.ActiveCfg = Debug|Any CPU
		{708688B7-719A-429E-B1EA-70DD1B0BD101}.Debug|Any CPU.Build.0 = Debug|Any CPU
		{708688B7-719A-429E-B1EA-70DD1B0BD101}.Release|Any CPU.ActiveCfg = Release|Any CPU
		{708688B7-719A-429E-B1EA-70DD1B0BD101}.Release|Any CPU.Build.0 = Release|Any CPU
	EndGlobalSection
	GlobalSection(SolutionProperties) = preSolution
		HideSolutionNode = FALSE
	EndGlobalSection
	GlobalSection(ExtensibilityGlobals) = postSolution
		SolutionGuid = {7295DE0C-37DB-4A62-AD95-FF6F6AFBBF2D}
	EndGlobalSection
EndGlobal
